// !$*UTF8*$!
{
	archiveVersion = 1;
	classes = {
	};
	objectVersion = 56;
	objects = {

/* Begin PBXBuildFile section */
		6A31521A2A1C48CF000E1D7A /* ActiveTripsPage.swift in Sources */ = {isa = PBXBuildFile; fileRef = 6A3152192A1C48CF000E1D7A /* ActiveTripsPage.swift */; };
		6A31521C2A1C4D74000E1D7A /* UpcomingTripsPage.swift in Sources */ = {isa = PBXBuildFile; fileRef = 6A31521B2A1C4D74000E1D7A /* UpcomingTripsPage.swift */; };
		6A31521E2A1C5BB9000E1D7A /* ItineraryView.swift in Sources */ = {isa = PBXBuildFile; fileRef = 6A31521D2A1C5BB9000E1D7A /* ItineraryView.swift */; };
		6A95669729E2192B00CD6155 /* ChatView.swift in Sources */ = {isa = PBXBuildFile; fileRef = 6A95669629E2192B00CD6155 /* ChatView.swift */; };
		6A95669A29E2259200CD6155 /* ColorExtension.swift in Sources */ = {isa = PBXBuildFile; fileRef = 6A95669929E2259200CD6155 /* ColorExtension.swift */; };
		6AFBCD1C2A1321270050EC95 /* TabBarView.swift in Sources */ = {isa = PBXBuildFile; fileRef = 6AFBCD1B2A1321270050EC95 /* TabBarView.swift */; };
		6AFBCD1F2A1321D20050EC95 /* HomeView.swift in Sources */ = {isa = PBXBuildFile; fileRef = 6AFBCD1E2A1321D20050EC95 /* HomeView.swift */; };
		6AFBCD222A1323CE0050EC95 /* TripsView.swift in Sources */ = {isa = PBXBuildFile; fileRef = 6AFBCD212A1323CE0050EC95 /* TripsView.swift */; };
		6AFBCD252A1323FC0050EC95 /* ProfileView.swift in Sources */ = {isa = PBXBuildFile; fileRef = 6AFBCD242A1323FC0050EC95 /* ProfileView.swift */; };
		6AFD41AA29E1F59600AC512B /* Main.swift in Sources */ = {isa = PBXBuildFile; fileRef = 6AFD41A929E1F59600AC512B /* Main.swift */; };
		6AFD41AE29E1F59600AC512B /* Assets.xcassets in Resources */ = {isa = PBXBuildFile; fileRef = 6AFD41AD29E1F59600AC512B /* Assets.xcassets */; };
		6AFD41B129E1F59600AC512B /* Preview Assets.xcassets in Resources */ = {isa = PBXBuildFile; fileRef = 6AFD41B029E1F59600AC512B /* Preview Assets.xcassets */; };
		6AFD41BB29E1F59700AC512B /* NextTripTests.swift in Sources */ = {isa = PBXBuildFile; fileRef = 6AFD41BA29E1F59700AC512B /* NextTripTests.swift */; };
		6AFD41C529E1F59700AC512B /* NextTripUITests.swift in Sources */ = {isa = PBXBuildFile; fileRef = 6AFD41C429E1F59700AC512B /* NextTripUITests.swift */; };
		6AFD41C729E1F59700AC512B /* NextTripUITestsLaunchTests.swift in Sources */ = {isa = PBXBuildFile; fileRef = 6AFD41C629E1F59700AC512B /* NextTripUITestsLaunchTests.swift */; };
		6AFD41D729E1F94000AC512B /* OpenAIKit in Frameworks */ = {isa = PBXBuildFile; productRef = 6AFD41D629E1F94000AC512B /* OpenAIKit */; };
		6AFEF6342A15973100A53349 /* MediumCardView.swift in Sources */ = {isa = PBXBuildFile; fileRef = 6AFEF6332A15973100A53349 /* MediumCardView.swift */; };
		6AFEF6362A15979100A53349 /* LocationView.swift in Sources */ = {isa = PBXBuildFile; fileRef = 6AFEF6352A15979100A53349 /* LocationView.swift */; };
		6AFEF6382A1597DA00A53349 /* SearchBarView.swift in Sources */ = {isa = PBXBuildFile; fileRef = 6AFEF6372A1597DA00A53349 /* SearchBarView.swift */; };
		6AFEF63A2A15993700A53349 /* SmallListItemView.swift in Sources */ = {isa = PBXBuildFile; fileRef = 6AFEF6392A15993700A53349 /* SmallListItemView.swift */; };
		6AFEF63D2A17F78300A53349 /* SplashView.swift in Sources */ = {isa = PBXBuildFile; fileRef = 6AFEF63C2A17F78300A53349 /* SplashView.swift */; };
/* End PBXBuildFile section */

/* Begin PBXContainerItemProxy section */
		6AFD41B729E1F59700AC512B /* PBXContainerItemProxy */ = {
			isa = PBXContainerItemProxy;
			containerPortal = 6AFD419E29E1F59600AC512B /* Project object */;
			proxyType = 1;
			remoteGlobalIDString = 6AFD41A529E1F59600AC512B;
			remoteInfo = NextTrip;
		};
		6AFD41C129E1F59700AC512B /* PBXContainerItemProxy */ = {
			isa = PBXContainerItemProxy;
			containerPortal = 6AFD419E29E1F59600AC512B /* Project object */;
			proxyType = 1;
			remoteGlobalIDString = 6AFD41A529E1F59600AC512B;
			remoteInfo = NextTrip;
		};
/* End PBXContainerItemProxy section */

/* Begin PBXFileReference section */
		6A3152192A1C48CF000E1D7A /* ActiveTripsPage.swift */ = {isa = PBXFileReference; lastKnownFileType = sourcecode.swift; path = ActiveTripsPage.swift; sourceTree = "<group>"; };
		6A31521B2A1C4D74000E1D7A /* UpcomingTripsPage.swift */ = {isa = PBXFileReference; lastKnownFileType = sourcecode.swift; path = UpcomingTripsPage.swift; sourceTree = "<group>"; };
		6A31521D2A1C5BB9000E1D7A /* ItineraryView.swift */ = {isa = PBXFileReference; lastKnownFileType = sourcecode.swift; path = ItineraryView.swift; sourceTree = "<group>"; };
		6A95669629E2192B00CD6155 /* ChatView.swift */ = {isa = PBXFileReference; lastKnownFileType = sourcecode.swift; path = ChatView.swift; sourceTree = "<group>"; };
		6A95669929E2259200CD6155 /* ColorExtension.swift */ = {isa = PBXFileReference; lastKnownFileType = sourcecode.swift; path = ColorExtension.swift; sourceTree = "<group>"; };
		6AFBCD1B2A1321270050EC95 /* TabBarView.swift */ = {isa = PBXFileReference; lastKnownFileType = sourcecode.swift; path = TabBarView.swift; sourceTree = "<group>"; };
		6AFBCD1E2A1321D20050EC95 /* HomeView.swift */ = {isa = PBXFileReference; lastKnownFileType = sourcecode.swift; path = HomeView.swift; sourceTree = "<group>"; };
		6AFBCD212A1323CE0050EC95 /* TripsView.swift */ = {isa = PBXFileReference; lastKnownFileType = sourcecode.swift; path = TripsView.swift; sourceTree = "<group>"; };
		6AFBCD242A1323FC0050EC95 /* ProfileView.swift */ = {isa = PBXFileReference; lastKnownFileType = sourcecode.swift; path = ProfileView.swift; sourceTree = "<group>"; };
		6AFD41A629E1F59600AC512B /* NextTrip.app */ = {isa = PBXFileReference; explicitFileType = wrapper.application; includeInIndex = 0; path = NextTrip.app; sourceTree = BUILT_PRODUCTS_DIR; };
		6AFD41A929E1F59600AC512B /* Main.swift */ = {isa = PBXFileReference; lastKnownFileType = sourcecode.swift; path = Main.swift; sourceTree = "<group>"; };
		6AFD41AD29E1F59600AC512B /* Assets.xcassets */ = {isa = PBXFileReference; lastKnownFileType = folder.assetcatalog; path = Assets.xcassets; sourceTree = "<group>"; };
		6AFD41B029E1F59600AC512B /* Preview Assets.xcassets */ = {isa = PBXFileReference; lastKnownFileType = folder.assetcatalog; path = "Preview Assets.xcassets"; sourceTree = "<group>"; };
		6AFD41B629E1F59600AC512B /* NextTripTests.xctest */ = {isa = PBXFileReference; explicitFileType = wrapper.cfbundle; includeInIndex = 0; path = NextTripTests.xctest; sourceTree = BUILT_PRODUCTS_DIR; };
		6AFD41BA29E1F59700AC512B /* NextTripTests.swift */ = {isa = PBXFileReference; lastKnownFileType = sourcecode.swift; path = NextTripTests.swift; sourceTree = "<group>"; };
		6AFD41C029E1F59700AC512B /* NextTripUITests.xctest */ = {isa = PBXFileReference; explicitFileType = wrapper.cfbundle; includeInIndex = 0; path = NextTripUITests.xctest; sourceTree = BUILT_PRODUCTS_DIR; };
		6AFD41C429E1F59700AC512B /* NextTripUITests.swift */ = {isa = PBXFileReference; lastKnownFileType = sourcecode.swift; path = NextTripUITests.swift; sourceTree = "<group>"; };
		6AFD41C629E1F59700AC512B /* NextTripUITestsLaunchTests.swift */ = {isa = PBXFileReference; lastKnownFileType = sourcecode.swift; path = NextTripUITestsLaunchTests.swift; sourceTree = "<group>"; };
		6AFEF6332A15973100A53349 /* MediumCardView.swift */ = {isa = PBXFileReference; lastKnownFileType = sourcecode.swift; path = MediumCardView.swift; sourceTree = "<group>"; };
		6AFEF6352A15979100A53349 /* LocationView.swift */ = {isa = PBXFileReference; lastKnownFileType = sourcecode.swift; path = LocationView.swift; sourceTree = "<group>"; };
		6AFEF6372A1597DA00A53349 /* SearchBarView.swift */ = {isa = PBXFileReference; lastKnownFileType = sourcecode.swift; path = SearchBarView.swift; sourceTree = "<group>"; };
		6AFEF6392A15993700A53349 /* SmallListItemView.swift */ = {isa = PBXFileReference; lastKnownFileType = sourcecode.swift; path = SmallListItemView.swift; sourceTree = "<group>"; };
		6AFEF63C2A17F78300A53349 /* SplashView.swift */ = {isa = PBXFileReference; lastKnownFileType = sourcecode.swift; path = SplashView.swift; sourceTree = "<group>"; };
/* End PBXFileReference section */

/* Begin PBXFrameworksBuildPhase section */
		6AFD41A329E1F59600AC512B /* Frameworks */ = {
			isa = PBXFrameworksBuildPhase;
			buildActionMask = 2147483647;
			files = (
				6AFD41D729E1F94000AC512B /* OpenAIKit in Frameworks */,
			);
			runOnlyForDeploymentPostprocessing = 0;
		};
		6AFD41B329E1F59600AC512B /* Frameworks */ = {
			isa = PBXFrameworksBuildPhase;
			buildActionMask = 2147483647;
			files = (
			);
			runOnlyForDeploymentPostprocessing = 0;
		};
		6AFD41BD29E1F59700AC512B /* Frameworks */ = {
			isa = PBXFrameworksBuildPhase;
			buildActionMask = 2147483647;
			files = (
			);
			runOnlyForDeploymentPostprocessing = 0;
		};
/* End PBXFrameworksBuildPhase section */

/* Begin PBXGroup section */
		6A3152122A1C4356000E1D7A /* Pages */ = {
			isa = PBXGroup;
			children = (
				6A3152192A1C48CF000E1D7A /* ActiveTripsPage.swift */,
				6A31521B2A1C4D74000E1D7A /* UpcomingTripsPage.swift */,
			);
			path = Pages;
			sourceTree = "<group>";
		};
		6A95669529E2190000CD6155 /* Chat */ = {
			isa = PBXGroup;
			children = (
				6A95669629E2192B00CD6155 /* ChatView.swift */,
			);
			path = Chat;
			sourceTree = "<group>";
		};
		6A95669829E2258400CD6155 /* Utils */ = {
			isa = PBXGroup;
			children = (
				6A95669929E2259200CD6155 /* ColorExtension.swift */,
			);
			path = Utils;
			sourceTree = "<group>";
		};
		6AFBCD142A119C720050EC95 /* Resources */ = {
			isa = PBXGroup;
			children = (
				6AFBCD152A119C7D0050EC95 /* Assets */,
			);
			path = Resources;
			sourceTree = "<group>";
		};
		6AFBCD152A119C7D0050EC95 /* Assets */ = {
			isa = PBXGroup;
			children = (
				6AFD41AD29E1F59600AC512B /* Assets.xcassets */,
			);
			path = Assets;
			sourceTree = "<group>";
		};
		6AFBCD162A119D550050EC95 /* Tabbar */ = {
			isa = PBXGroup;
			children = (
				6AFBCD1B2A1321270050EC95 /* TabBarView.swift */,
			);
			path = Tabbar;
			sourceTree = "<group>";
		};
		6AFBCD172A119EA10050EC95 /* Presentation */ = {
			isa = PBXGroup;
			children = (
				6AFEF6322A15971200A53349 /* Components */,
				6AFBCD1A2A119EE80050EC95 /* Scenes */,
			);
			path = Presentation;
			sourceTree = "<group>";
		};
		6AFBCD182A119EA90050EC95 /* Domain */ = {
			isa = PBXGroup;
			children = (
			);
			path = Domain;
			sourceTree = "<group>";
		};
		6AFBCD192A119EB00050EC95 /* Data */ = {
			isa = PBXGroup;
			children = (
			);
			path = Data;
			sourceTree = "<group>";
		};
		6AFBCD1A2A119EE80050EC95 /* Scenes */ = {
			isa = PBXGroup;
			children = (
				6AFEF63B2A17F77300A53349 /* Splash */,
				6AFBCD232A1323E30050EC95 /* Profile */,
				6AFBCD202A1323B40050EC95 /* Trips */,
				6AFBCD1D2A1321B30050EC95 /* Home */,
				6A95669529E2190000CD6155 /* Chat */,
				6AFBCD162A119D550050EC95 /* Tabbar */,
			);
			path = Scenes;
			sourceTree = "<group>";
		};
		6AFBCD1D2A1321B30050EC95 /* Home */ = {
			isa = PBXGroup;
			children = (
				6AFBCD1E2A1321D20050EC95 /* HomeView.swift */,
			);
			path = Home;
			sourceTree = "<group>";
		};
		6AFBCD202A1323B40050EC95 /* Trips */ = {
			isa = PBXGroup;
			children = (
				6A3152122A1C4356000E1D7A /* Pages */,
				6AFBCD212A1323CE0050EC95 /* TripsView.swift */,
			);
			path = Trips;
			sourceTree = "<group>";
		};
		6AFBCD232A1323E30050EC95 /* Profile */ = {
			isa = PBXGroup;
			children = (
				6AFBCD242A1323FC0050EC95 /* ProfileView.swift */,
			);
			path = Profile;
			sourceTree = "<group>";
		};
		6AFD419D29E1F59600AC512B = {
			isa = PBXGroup;
			children = (
				6AFD41A829E1F59600AC512B /* NextTrip */,
				6AFD41B929E1F59700AC512B /* NextTripTests */,
				6AFD41C329E1F59700AC512B /* NextTripUITests */,
				6AFD41A729E1F59600AC512B /* Products */,
			);
			sourceTree = "<group>";
		};
		6AFD41A729E1F59600AC512B /* Products */ = {
			isa = PBXGroup;
			children = (
				6AFD41A629E1F59600AC512B /* NextTrip.app */,
				6AFD41B629E1F59600AC512B /* NextTripTests.xctest */,
				6AFD41C029E1F59700AC512B /* NextTripUITests.xctest */,
			);
			name = Products;
			sourceTree = "<group>";
		};
		6AFD41A829E1F59600AC512B /* NextTrip */ = {
			isa = PBXGroup;
			children = (
				6A95669829E2258400CD6155 /* Utils */,
				6AFBCD142A119C720050EC95 /* Resources */,
				6AFBCD192A119EB00050EC95 /* Data */,
				6AFBCD182A119EA90050EC95 /* Domain */,
				6AFBCD172A119EA10050EC95 /* Presentation */,
				6AFD41A929E1F59600AC512B /* Main.swift */,
				6AFD41AF29E1F59600AC512B /* Preview Content */,
			);
			path = NextTrip;
			sourceTree = "<group>";
		};
		6AFD41AF29E1F59600AC512B /* Preview Content */ = {
			isa = PBXGroup;
			children = (
				6AFD41B029E1F59600AC512B /* Preview Assets.xcassets */,
			);
			path = "Preview Content";
			sourceTree = "<group>";
		};
		6AFD41B929E1F59700AC512B /* NextTripTests */ = {
			isa = PBXGroup;
			children = (
				6AFD41BA29E1F59700AC512B /* NextTripTests.swift */,
			);
			path = NextTripTests;
			sourceTree = "<group>";
		};
		6AFD41C329E1F59700AC512B /* NextTripUITests */ = {
			isa = PBXGroup;
			children = (
				6AFD41C429E1F59700AC512B /* NextTripUITests.swift */,
				6AFD41C629E1F59700AC512B /* NextTripUITestsLaunchTests.swift */,
			);
			path = NextTripUITests;
			sourceTree = "<group>";
		};
		6AFEF6322A15971200A53349 /* Components */ = {
			isa = PBXGroup;
			children = (
				6AFEF6332A15973100A53349 /* MediumCardView.swift */,
				6AFEF6392A15993700A53349 /* SmallListItemView.swift */,
				6AFEF6352A15979100A53349 /* LocationView.swift */,
				6AFEF6372A1597DA00A53349 /* SearchBarView.swift */,
				6A31521D2A1C5BB9000E1D7A /* ItineraryView.swift */,
			);
			path = Components;
			sourceTree = "<group>";
		};
		6AFEF63B2A17F77300A53349 /* Splash */ = {
			isa = PBXGroup;
			children = (
				6AFEF63C2A17F78300A53349 /* SplashView.swift */,
			);
			path = Splash;
			sourceTree = "<group>";
		};
/* End PBXGroup section */

/* Begin PBXNativeTarget section */
		6AFD41A529E1F59600AC512B /* NextTrip */ = {
			isa = PBXNativeTarget;
			buildConfigurationList = 6AFD41CA29E1F59700AC512B /* Build configuration list for PBXNativeTarget "NextTrip" */;
			buildPhases = (
				6AFD41A229E1F59600AC512B /* Sources */,
				6AFD41A329E1F59600AC512B /* Frameworks */,
				6AFD41A429E1F59600AC512B /* Resources */,
			);
			buildRules = (
			);
			dependencies = (
			);
			name = NextTrip;
			packageProductDependencies = (
				6AFD41D629E1F94000AC512B /* OpenAIKit */,
			);
			productName = NextTrip;
			productReference = 6AFD41A629E1F59600AC512B /* NextTrip.app */;
			productType = "com.apple.product-type.application";
		};
		6AFD41B529E1F59600AC512B /* NextTripTests */ = {
			isa = PBXNativeTarget;
			buildConfigurationList = 6AFD41CD29E1F59700AC512B /* Build configuration list for PBXNativeTarget "NextTripTests" */;
			buildPhases = (
				6AFD41B229E1F59600AC512B /* Sources */,
				6AFD41B329E1F59600AC512B /* Frameworks */,
				6AFD41B429E1F59600AC512B /* Resources */,
			);
			buildRules = (
			);
			dependencies = (
				6AFD41B829E1F59700AC512B /* PBXTargetDependency */,
			);
			name = NextTripTests;
			productName = NextTripTests;
			productReference = 6AFD41B629E1F59600AC512B /* NextTripTests.xctest */;
			productType = "com.apple.product-type.bundle.unit-test";
		};
		6AFD41BF29E1F59700AC512B /* NextTripUITests */ = {
			isa = PBXNativeTarget;
			buildConfigurationList = 6AFD41D029E1F59700AC512B /* Build configuration list for PBXNativeTarget "NextTripUITests" */;
			buildPhases = (
				6AFD41BC29E1F59700AC512B /* Sources */,
				6AFD41BD29E1F59700AC512B /* Frameworks */,
				6AFD41BE29E1F59700AC512B /* Resources */,
			);
			buildRules = (
			);
			dependencies = (
				6AFD41C229E1F59700AC512B /* PBXTargetDependency */,
			);
			name = NextTripUITests;
			productName = NextTripUITests;
			productReference = 6AFD41C029E1F59700AC512B /* NextTripUITests.xctest */;
			productType = "com.apple.product-type.bundle.ui-testing";
		};
/* End PBXNativeTarget section */

/* Begin PBXProject section */
		6AFD419E29E1F59600AC512B /* Project object */ = {
			isa = PBXProject;
			attributes = {
				BuildIndependentTargetsInParallel = 1;
				LastSwiftUpdateCheck = 1410;
				LastUpgradeCheck = 1410;
				TargetAttributes = {
					6AFD41A529E1F59600AC512B = {
						CreatedOnToolsVersion = 14.1;
					};
					6AFD41B529E1F59600AC512B = {
						CreatedOnToolsVersion = 14.1;
						TestTargetID = 6AFD41A529E1F59600AC512B;
					};
					6AFD41BF29E1F59700AC512B = {
						CreatedOnToolsVersion = 14.1;
						TestTargetID = 6AFD41A529E1F59600AC512B;
					};
				};
			};
			buildConfigurationList = 6AFD41A129E1F59600AC512B /* Build configuration list for PBXProject "NextTrip" */;
			compatibilityVersion = "Xcode 14.0";
			developmentRegion = en;
			hasScannedForEncodings = 0;
			knownRegions = (
				en,
				Base,
			);
			mainGroup = 6AFD419D29E1F59600AC512B;
			packageReferences = (
				6AFD41D529E1F94000AC512B /* XCRemoteSwiftPackageReference "openai-kit" */,
			);
			productRefGroup = 6AFD41A729E1F59600AC512B /* Products */;
			projectDirPath = "";
			projectRoot = "";
			targets = (
				6AFD41A529E1F59600AC512B /* NextTrip */,
				6AFD41B529E1F59600AC512B /* NextTripTests */,
				6AFD41BF29E1F59700AC512B /* NextTripUITests */,
			);
		};
/* End PBXProject section */

/* Begin PBXResourcesBuildPhase section */
		6AFD41A429E1F59600AC512B /* Resources */ = {
			isa = PBXResourcesBuildPhase;
			buildActionMask = 2147483647;
			files = (
				6AFD41B129E1F59600AC512B /* Preview Assets.xcassets in Resources */,
				6AFD41AE29E1F59600AC512B /* Assets.xcassets in Resources */,
			);
			runOnlyForDeploymentPostprocessing = 0;
		};
		6AFD41B429E1F59600AC512B /* Resources */ = {
			isa = PBXResourcesBuildPhase;
			buildActionMask = 2147483647;
			files = (
			);
			runOnlyForDeploymentPostprocessing = 0;
		};
		6AFD41BE29E1F59700AC512B /* Resources */ = {
			isa = PBXResourcesBuildPhase;
			buildActionMask = 2147483647;
			files = (
			);
			runOnlyForDeploymentPostprocessing = 0;
		};
/* End PBXResourcesBuildPhase section */

/* Begin PBXSourcesBuildPhase section */
		6AFD41A229E1F59600AC512B /* Sources */ = {
			isa = PBXSourcesBuildPhase;
			buildActionMask = 2147483647;
			files = (
				6AFEF6382A1597DA00A53349 /* SearchBarView.swift in Sources */,
				6A31521C2A1C4D74000E1D7A /* UpcomingTripsPage.swift in Sources */,
				6A95669729E2192B00CD6155 /* ChatView.swift in Sources */,
				6AFD41AA29E1F59600AC512B /* Main.swift in Sources */,
				6AFBCD1C2A1321270050EC95 /* TabBarView.swift in Sources */,
				6AFEF63A2A15993700A53349 /* SmallListItemView.swift in Sources */,
				6A31521A2A1C48CF000E1D7A /* ActiveTripsPage.swift in Sources */,
				6AFEF63D2A17F78300A53349 /* SplashView.swift in Sources */,
				6AFBCD222A1323CE0050EC95 /* TripsView.swift in Sources */,
				6AFBCD1F2A1321D20050EC95 /* HomeView.swift in Sources */,
				6AFEF6342A15973100A53349 /* MediumCardView.swift in Sources */,
				6AFBCD252A1323FC0050EC95 /* ProfileView.swift in Sources */,
				6AFEF6362A15979100A53349 /* LocationView.swift in Sources */,
				6A31521E2A1C5BB9000E1D7A /* ItineraryView.swift in Sources */,
				6A95669A29E2259200CD6155 /* ColorExtension.swift in Sources */,
			);
			runOnlyForDeploymentPostprocessing = 0;
		};
		6AFD41B229E1F59600AC512B /* Sources */ = {
			isa = PBXSourcesBuildPhase;
			buildActionMask = 2147483647;
			files = (
				6AFD41BB29E1F59700AC512B /* NextTripTests.swift in Sources */,
			);
			runOnlyForDeploymentPostprocessing = 0;
		};
		6AFD41BC29E1F59700AC512B /* Sources */ = {
			isa = PBXSourcesBuildPhase;
			buildActionMask = 2147483647;
			files = (
				6AFD41C729E1F59700AC512B /* NextTripUITestsLaunchTests.swift in Sources */,
				6AFD41C529E1F59700AC512B /* NextTripUITests.swift in Sources */,
			);
			runOnlyForDeploymentPostprocessing = 0;
		};
/* End PBXSourcesBuildPhase section */

/* Begin PBXTargetDependency section */
		6AFD41B829E1F59700AC512B /* PBXTargetDependency */ = {
			isa = PBXTargetDependency;
			target = 6AFD41A529E1F59600AC512B /* NextTrip */;
			targetProxy = 6AFD41B729E1F59700AC512B /* PBXContainerItemProxy */;
		};
		6AFD41C229E1F59700AC512B /* PBXTargetDependency */ = {
			isa = PBXTargetDependency;
			target = 6AFD41A529E1F59600AC512B /* NextTrip */;
			targetProxy = 6AFD41C129E1F59700AC512B /* PBXContainerItemProxy */;
		};
/* End PBXTargetDependency section */

/* Begin XCBuildConfiguration section */
		6AFD41C829E1F59700AC512B /* Debug */ = {
			isa = XCBuildConfiguration;
			buildSettings = {
				ALWAYS_SEARCH_USER_PATHS = NO;
				ASSETCATALOG_COMPILER_INCLUDE_ALL_APPICON_ASSETS = YES;
				CLANG_ANALYZER_NONNULL = YES;
				CLANG_ANALYZER_NUMBER_OBJECT_CONVERSION = YES_AGGRESSIVE;
				CLANG_CXX_LANGUAGE_STANDARD = "gnu++20";
				CLANG_ENABLE_MODULES = YES;
				CLANG_ENABLE_OBJC_ARC = YES;
				CLANG_ENABLE_OBJC_WEAK = YES;
				CLANG_WARN_BLOCK_CAPTURE_AUTORELEASING = YES;
				CLANG_WARN_BOOL_CONVERSION = YES;
				CLANG_WARN_COMMA = YES;
				CLANG_WARN_CONSTANT_CONVERSION = YES;
				CLANG_WARN_DEPRECATED_OBJC_IMPLEMENTATIONS = YES;
				CLANG_WARN_DIRECT_OBJC_ISA_USAGE = YES_ERROR;
				CLANG_WARN_DOCUMENTATION_COMMENTS = YES;
				CLANG_WARN_EMPTY_BODY = YES;
				CLANG_WARN_ENUM_CONVERSION = YES;
				CLANG_WARN_INFINITE_RECURSION = YES;
				CLANG_WARN_INT_CONVERSION = YES;
				CLANG_WARN_NON_LITERAL_NULL_CONVERSION = YES;
				CLANG_WARN_OBJC_IMPLICIT_RETAIN_SELF = YES;
				CLANG_WARN_OBJC_LITERAL_CONVERSION = YES;
				CLANG_WARN_OBJC_ROOT_CLASS = YES_ERROR;
				CLANG_WARN_QUOTED_INCLUDE_IN_FRAMEWORK_HEADER = YES;
				CLANG_WARN_RANGE_LOOP_ANALYSIS = YES;
				CLANG_WARN_STRICT_PROTOTYPES = YES;
				CLANG_WARN_SUSPICIOUS_MOVE = YES;
				CLANG_WARN_UNGUARDED_AVAILABILITY = YES_AGGRESSIVE;
				CLANG_WARN_UNREACHABLE_CODE = YES;
				CLANG_WARN__DUPLICATE_METHOD_MATCH = YES;
				COPY_PHASE_STRIP = NO;
				DEBUG_INFORMATION_FORMAT = dwarf;
				ENABLE_STRICT_OBJC_MSGSEND = YES;
				ENABLE_TESTABILITY = YES;
				GCC_C_LANGUAGE_STANDARD = gnu11;
				GCC_DYNAMIC_NO_PIC = NO;
				GCC_NO_COMMON_BLOCKS = YES;
				GCC_OPTIMIZATION_LEVEL = 0;
				GCC_PREPROCESSOR_DEFINITIONS = (
					"DEBUG=1",
					"$(inherited)",
				);
				GCC_WARN_64_TO_32_BIT_CONVERSION = YES;
				GCC_WARN_ABOUT_RETURN_TYPE = YES_ERROR;
				GCC_WARN_UNDECLARED_SELECTOR = YES;
				GCC_WARN_UNINITIALIZED_AUTOS = YES_AGGRESSIVE;
				GCC_WARN_UNUSED_FUNCTION = YES;
				GCC_WARN_UNUSED_VARIABLE = YES;
				IPHONEOS_DEPLOYMENT_TARGET = 15.0;
				MTL_ENABLE_DEBUG_INFO = INCLUDE_SOURCE;
				MTL_FAST_MATH = YES;
				ONLY_ACTIVE_ARCH = YES;
				SDKROOT = iphoneos;
				SWIFT_ACTIVE_COMPILATION_CONDITIONS = DEBUG;
				SWIFT_OPTIMIZATION_LEVEL = "-Onone";
			};
			name = Debug;
		};
		6AFD41C929E1F59700AC512B /* Release */ = {
			isa = XCBuildConfiguration;
			buildSettings = {
				ALWAYS_SEARCH_USER_PATHS = NO;
				ASSETCATALOG_COMPILER_INCLUDE_ALL_APPICON_ASSETS = YES;
				CLANG_ANALYZER_NONNULL = YES;
				CLANG_ANALYZER_NUMBER_OBJECT_CONVERSION = YES_AGGRESSIVE;
				CLANG_CXX_LANGUAGE_STANDARD = "gnu++20";
				CLANG_ENABLE_MODULES = YES;
				CLANG_ENABLE_OBJC_ARC = YES;
				CLANG_ENABLE_OBJC_WEAK = YES;
				CLANG_WARN_BLOCK_CAPTURE_AUTORELEASING = YES;
				CLANG_WARN_BOOL_CONVERSION = YES;
				CLANG_WARN_COMMA = YES;
				CLANG_WARN_CONSTANT_CONVERSION = YES;
				CLANG_WARN_DEPRECATED_OBJC_IMPLEMENTATIONS = YES;
				CLANG_WARN_DIRECT_OBJC_ISA_USAGE = YES_ERROR;
				CLANG_WARN_DOCUMENTATION_COMMENTS = YES;
				CLANG_WARN_EMPTY_BODY = YES;
				CLANG_WARN_ENUM_CONVERSION = YES;
				CLANG_WARN_INFINITE_RECURSION = YES;
				CLANG_WARN_INT_CONVERSION = YES;
				CLANG_WARN_NON_LITERAL_NULL_CONVERSION = YES;
				CLANG_WARN_OBJC_IMPLICIT_RETAIN_SELF = YES;
				CLANG_WARN_OBJC_LITERAL_CONVERSION = YES;
				CLANG_WARN_OBJC_ROOT_CLASS = YES_ERROR;
				CLANG_WARN_QUOTED_INCLUDE_IN_FRAMEWORK_HEADER = YES;
				CLANG_WARN_RANGE_LOOP_ANALYSIS = YES;
				CLANG_WARN_STRICT_PROTOTYPES = YES;
				CLANG_WARN_SUSPICIOUS_MOVE = YES;
				CLANG_WARN_UNGUARDED_AVAILABILITY = YES_AGGRESSIVE;
				CLANG_WARN_UNREACHABLE_CODE = YES;
				CLANG_WARN__DUPLICATE_METHOD_MATCH = YES;
				COPY_PHASE_STRIP = NO;
				DEBUG_INFORMATION_FORMAT = "dwarf-with-dsym";
				ENABLE_NS_ASSERTIONS = NO;
				ENABLE_STRICT_OBJC_MSGSEND = YES;
				GCC_C_LANGUAGE_STANDARD = gnu11;
				GCC_NO_COMMON_BLOCKS = YES;
				GCC_WARN_64_TO_32_BIT_CONVERSION = YES;
				GCC_WARN_ABOUT_RETURN_TYPE = YES_ERROR;
				GCC_WARN_UNDECLARED_SELECTOR = YES;
				GCC_WARN_UNINITIALIZED_AUTOS = YES_AGGRESSIVE;
				GCC_WARN_UNUSED_FUNCTION = YES;
				GCC_WARN_UNUSED_VARIABLE = YES;
				IPHONEOS_DEPLOYMENT_TARGET = 15.0;
				MTL_ENABLE_DEBUG_INFO = NO;
				MTL_FAST_MATH = YES;
				SDKROOT = iphoneos;
				SWIFT_COMPILATION_MODE = wholemodule;
				SWIFT_OPTIMIZATION_LEVEL = "-O";
				VALIDATE_PRODUCT = YES;
			};
			name = Release;
		};
		6AFD41CB29E1F59700AC512B /* Debug */ = {
			isa = XCBuildConfiguration;
			buildSettings = {
				ASSETCATALOG_COMPILER_APPICON_NAME = AppIcon2;
				ASSETCATALOG_COMPILER_GLOBAL_ACCENT_COLOR_NAME = AccentColor;
				ASSETCATALOG_COMPILER_INCLUDE_ALL_APPICON_ASSETS = NO;
				CODE_SIGN_STYLE = Automatic;
				CURRENT_PROJECT_VERSION = 1;
				DEVELOPMENT_ASSET_PATHS = "\"NextTrip/Preview Content\"";
				ENABLE_PREVIEWS = YES;
				GENERATE_INFOPLIST_FILE = YES;
				INFOPLIST_KEY_UIApplicationSceneManifest_Generation = YES;
				INFOPLIST_KEY_UIApplicationSupportsIndirectInputEvents = YES;
				INFOPLIST_KEY_UILaunchScreen_Generation = YES;
				INFOPLIST_KEY_UISupportedInterfaceOrientations = UIInterfaceOrientationPortrait;
				INFOPLIST_KEY_UISupportedInterfaceOrientations_iPad = "UIInterfaceOrientationLandscapeLeft UIInterfaceOrientationLandscapeRight UIInterfaceOrientationPortrait UIInterfaceOrientationPortraitUpsideDown";
				IPHONEOS_DEPLOYMENT_TARGET = 15.0;
				LD_RUNPATH_SEARCH_PATHS = (
					"$(inherited)",
					"@executable_path/Frameworks",
				);
				MARKETING_VERSION = 1.0;
				PRODUCT_BUNDLE_IDENTIFIER = bernardon.larissa.NextTrip;
				PRODUCT_NAME = "$(TARGET_NAME)";
				SUPPORTED_PLATFORMS = "iphoneos iphonesimulator";
				SUPPORTS_MACCATALYST = NO;
				SUPPORTS_MAC_DESIGNED_FOR_IPHONE_IPAD = NO;
				SWIFT_EMIT_LOC_STRINGS = YES;
				SWIFT_VERSION = 5.0;
				TARGETED_DEVICE_FAMILY = 1;
			};
			name = Debug;
		};
		6AFD41CC29E1F59700AC512B /* Release */ = {
			isa = XCBuildConfiguration;
			buildSettings = {
				ASSETCATALOG_COMPILER_APPICON_NAME = AppIcon2;
				ASSETCATALOG_COMPILER_GLOBAL_ACCENT_COLOR_NAME = AccentColor;
				ASSETCATALOG_COMPILER_INCLUDE_ALL_APPICON_ASSETS = NO;
				CODE_SIGN_STYLE = Automatic;
				CURRENT_PROJECT_VERSION = 1;
				DEVELOPMENT_ASSET_PATHS = "\"NextTrip/Preview Content\"";
				ENABLE_PREVIEWS = YES;
				GENERATE_INFOPLIST_FILE = YES;
				INFOPLIST_KEY_UIApplicationSceneManifest_Generation = YES;
				INFOPLIST_KEY_UIApplicationSupportsIndirectInputEvents = YES;
				INFOPLIST_KEY_UILaunchScreen_Generation = YES;
				INFOPLIST_KEY_UISupportedInterfaceOrientations = UIInterfaceOrientationPortrait;
				INFOPLIST_KEY_UISupportedInterfaceOrientations_iPad = "UIInterfaceOrientationLandscapeLeft UIInterfaceOrientationLandscapeRight UIInterfaceOrientationPortrait UIInterfaceOrientationPortraitUpsideDown";
				IPHONEOS_DEPLOYMENT_TARGET = 15.0;
				LD_RUNPATH_SEARCH_PATHS = (
					"$(inherited)",
					"@executable_path/Frameworks",
				);
				MARKETING_VERSION = 1.0;
				PRODUCT_BUNDLE_IDENTIFIER = bernardon.larissa.NextTrip;
				PRODUCT_NAME = "$(TARGET_NAME)";
				SUPPORTED_PLATFORMS = "iphoneos iphonesimulator";
				SUPPORTS_MACCATALYST = NO;
				SUPPORTS_MAC_DESIGNED_FOR_IPHONE_IPAD = NO;
				SWIFT_EMIT_LOC_STRINGS = YES;
				SWIFT_VERSION = 5.0;
				TARGETED_DEVICE_FAMILY = 1;
			};
			name = Release;
		};
		6AFD41CE29E1F59700AC512B /* Debug */ = {
			isa = XCBuildConfiguration;
			buildSettings = {
				ALWAYS_EMBED_SWIFT_STANDARD_LIBRARIES = YES;
				BUNDLE_LOADER = "$(TEST_HOST)";
				CODE_SIGN_STYLE = Automatic;
				CURRENT_PROJECT_VERSION = 1;
				GENERATE_INFOPLIST_FILE = YES;
				IPHONEOS_DEPLOYMENT_TARGET = 16.1;
				MARKETING_VERSION = 1.0;
				PRODUCT_BUNDLE_IDENTIFIER = bernardon.larissa.NextTripTests;
				PRODUCT_NAME = "$(TARGET_NAME)";
				SWIFT_EMIT_LOC_STRINGS = NO;
				SWIFT_VERSION = 5.0;
				TARGETED_DEVICE_FAMILY = "1,2";
				TEST_HOST = "$(BUILT_PRODUCTS_DIR)/NextTrip.app/$(BUNDLE_EXECUTABLE_FOLDER_PATH)/NextTrip";
			};
			name = Debug;
		};
		6AFD41CF29E1F59700AC512B /* Release */ = {
			isa = XCBuildConfiguration;
			buildSettings = {
				ALWAYS_EMBED_SWIFT_STANDARD_LIBRARIES = YES;
				BUNDLE_LOADER = "$(TEST_HOST)";
				CODE_SIGN_STYLE = Automatic;
				CURRENT_PROJECT_VERSION = 1;
				GENERATE_INFOPLIST_FILE = YES;
				IPHONEOS_DEPLOYMENT_TARGET = 16.1;
				MARKETING_VERSION = 1.0;
				PRODUCT_BUNDLE_IDENTIFIER = bernardon.larissa.NextTripTests;
				PRODUCT_NAME = "$(TARGET_NAME)";
				SWIFT_EMIT_LOC_STRINGS = NO;
				SWIFT_VERSION = 5.0;
				TARGETED_DEVICE_FAMILY = "1,2";
				TEST_HOST = "$(BUILT_PRODUCTS_DIR)/NextTrip.app/$(BUNDLE_EXECUTABLE_FOLDER_PATH)/NextTrip";
			};
			name = Release;
		};
		6AFD41D129E1F59700AC512B /* Debug */ = {
			isa = XCBuildConfiguration;
			buildSettings = {
				ALWAYS_EMBED_SWIFT_STANDARD_LIBRARIES = YES;
				CODE_SIGN_STYLE = Automatic;
				CURRENT_PROJECT_VERSION = 1;
				GENERATE_INFOPLIST_FILE = YES;
				MARKETING_VERSION = 1.0;
				PRODUCT_BUNDLE_IDENTIFIER = bernardon.larissa.NextTripUITests;
				PRODUCT_NAME = "$(TARGET_NAME)";
				SWIFT_EMIT_LOC_STRINGS = NO;
				SWIFT_VERSION = 5.0;
				TARGETED_DEVICE_FAMILY = "1,2";
				TEST_TARGET_NAME = NextTrip;
			};
			name = Debug;
		};
		6AFD41D229E1F59700AC512B /* Release */ = {
			isa = XCBuildConfiguration;
			buildSettings = {
				ALWAYS_EMBED_SWIFT_STANDARD_LIBRARIES = YES;
				CODE_SIGN_STYLE = Automatic;
				CURRENT_PROJECT_VERSION = 1;
				GENERATE_INFOPLIST_FILE = YES;
				MARKETING_VERSION = 1.0;
				PRODUCT_BUNDLE_IDENTIFIER = bernardon.larissa.NextTripUITests;
				PRODUCT_NAME = "$(TARGET_NAME)";
				SWIFT_EMIT_LOC_STRINGS = NO;
				SWIFT_VERSION = 5.0;
				TARGETED_DEVICE_FAMILY = "1,2";
				TEST_TARGET_NAME = NextTrip;
			};
			name = Release;
		};
/* End XCBuildConfiguration section */

/* Begin XCConfigurationList section */
		6AFD41A129E1F59600AC512B /* Build configuration list for PBXProject "NextTrip" */ = {
			isa = XCConfigurationList;
			buildConfigurations = (
				6AFD41C829E1F59700AC512B /* Debug */,
				6AFD41C929E1F59700AC512B /* Release */,
			);
			defaultConfigurationIsVisible = 0;
			defaultConfigurationName = Release;
		};
		6AFD41CA29E1F59700AC512B /* Build configuration list for PBXNativeTarget "NextTrip" */ = {
			isa = XCConfigurationList;
			buildConfigurations = (
				6AFD41CB29E1F59700AC512B /* Debug */,
				6AFD41CC29E1F59700AC512B /* Release */,
			);
			defaultConfigurationIsVisible = 0;
			defaultConfigurationName = Release;
		};
		6AFD41CD29E1F59700AC512B /* Build configuration list for PBXNativeTarget "NextTripTests" */ = {
			isa = XCConfigurationList;
			buildConfigurations = (
				6AFD41CE29E1F59700AC512B /* Debug */,
				6AFD41CF29E1F59700AC512B /* Release */,
			);
			defaultConfigurationIsVisible = 0;
			defaultConfigurationName = Release;
		};
		6AFD41D029E1F59700AC512B /* Build configuration list for PBXNativeTarget "NextTripUITests" */ = {
			isa = XCConfigurationList;
			buildConfigurations = (
				6AFD41D129E1F59700AC512B /* Debug */,
				6AFD41D229E1F59700AC512B /* Release */,
			);
			defaultConfigurationIsVisible = 0;
			defaultConfigurationName = Release;
		};
/* End XCConfigurationList section */

/* Begin XCRemoteSwiftPackageReference section */
		6AFD41D529E1F94000AC512B /* XCRemoteSwiftPackageReference "openai-kit" */ = {
			isa = XCRemoteSwiftPackageReference;
			repositoryURL = "https://github.com/dylanshine/openai-kit.git";
			requirement = {
				kind = upToNextMajorVersion;
				minimumVersion = 1.0.0;
			};
		};
/* End XCRemoteSwiftPackageReference section */

/* Begin XCSwiftPackageProductDependency section */
		6AFD41D629E1F94000AC512B /* OpenAIKit */ = {
			isa = XCSwiftPackageProductDependency;
			package = 6AFD41D529E1F94000AC512B /* XCRemoteSwiftPackageReference "openai-kit" */;
			productName = OpenAIKit;
		};
/* End XCSwiftPackageProductDependency section */
	};
	rootObject = 6AFD419E29E1F59600AC512B /* Project object */;
}
